
Microsoft Visual Studio Solution File, Format Version 12.00
# Visual Studio Version 16
VisualStudioVersion = 16.0.34301.259
MinimumVisualStudioVersion = 10.0.40219.1
Project("{8BC9CEB8-8B4A-11D0-8D11-00A0C91BC942}") = "step4", "step4\step4.vcxproj", "{46B498FD-E810-4AE7-9AD2-1DF6BC0B4635}"
EndProject
Global
	GlobalSection(SolutionConfigurationPlatforms) = preSolution
		Debug|x64 = Debug|x64
		Debug|x86 = Debug|x86
		Release|x64 = Release|x64
		Release|x86 = Release|x86
	EndGlobalSection
	GlobalSection(ProjectConfigurationPlatforms) = postSolution
		{46B498FD-E810-4AE7-9AD2-1DF6BC0B4635}.Debug|x64.ActiveCfg = Debug|x64
		{46B498FD-E810-4AE7-9AD2-1DF6BC0B4635}.Debug|x64.Build.0 = Debug|x64
		{46B498FD-E810-4AE7-9AD2-1DF6BC0B4635}.Debug|x86.ActiveCfg = Debug|Win32
		{46B498FD-E810-4AE7-9AD2-1DF6BC0B4635}.Debug|x86.Build.0 = Debug|Win32
		{46B498FD-E810-4AE7-9AD2-1DF6BC0B4635}.Release|x64.ActiveCfg = Release|x64
		{46B498FD-E810-4AE7-9AD2-1DF6BC0B4635}.Release|x64.Build.0 = Release|x64
		{46B498FD-E810-4AE7-9AD2-1DF6BC0B4635}.Release|x86.ActiveCfg = Release|Win32
		{46B498FD-E810-4AE7-9AD2-1DF6BC0B4635}.Release|x86.Build.0 = Release|Win32
	EndGlobalSection
	GlobalSection(SolutionProperties) = preSolution
		HideSolutionNode = FALSE
	EndGlobalSection
	GlobalSection(ExtensibilityGlobals) = postSolution
		SolutionGuid = {83AC986A-5235-4643-9BA6-D6E32765AEBA}
	EndGlobalSection
EndGlobal
