
Microsoft Visual Studio Solution File, Format Version 12.00
# Visual Studio Version 17
VisualStudioVersion = 17.10.35027.167
MinimumVisualStudioVersion = 10.0.40219.1
Project("{8BC9CEB8-8B4A-11D0-8D11-00A0C91BC942}") = "class3", "class3\class3.vcxproj", "{3453DE2B-8282-4BDF-A4F9-FD1C529E2AB5}"
EndProject
Global
	GlobalSection(SolutionConfigurationPlatforms) = preSolution
		Debug|x64 = Debug|x64
		Debug|x86 = Debug|x86
		Release|x64 = Release|x64
		Release|x86 = Release|x86
	EndGlobalSection
	GlobalSection(ProjectConfigurationPlatforms) = postSolution
		{3453DE2B-8282-4BDF-A4F9-FD1C529E2AB5}.Debug|x64.ActiveCfg = Debug|x64
		{3453DE2B-8282-4BDF-A4F9-FD1C529E2AB5}.Debug|x64.Build.0 = Debug|x64
		{3453DE2B-8282-4BDF-A4F9-FD1C529E2AB5}.Debug|x86.ActiveCfg = Debug|Win32
		{3453DE2B-8282-4BDF-A4F9-FD1C529E2AB5}.Debug|x86.Build.0 = Debug|Win32
		{3453DE2B-8282-4BDF-A4F9-FD1C529E2AB5}.Release|x64.ActiveCfg = Release|x64
		{3453DE2B-8282-4BDF-A4F9-FD1C529E2AB5}.Release|x64.Build.0 = Release|x64
		{3453DE2B-8282-4BDF-A4F9-FD1C529E2AB5}.Release|x86.ActiveCfg = Release|Win32
		{3453DE2B-8282-4BDF-A4F9-FD1C529E2AB5}.Release|x86.Build.0 = Release|Win32
	EndGlobalSection
	GlobalSection(SolutionProperties) = preSolution
		HideSolutionNode = FALSE
	EndGlobalSection
	GlobalSection(ExtensibilityGlobals) = postSolution
		SolutionGuid = {7D227BC3-CC49-4E35-AE44-9F008C548EAA}
	EndGlobalSection
EndGlobal
