<?xml version="1.0" encoding="utf-8"?>
<Project ToolsVersion="4.0" xmlns="http://schemas.microsoft.com/developer/msbuild/2003">
  <ItemGroup>
    <Filter Include="소스 파일">
      <UniqueIdentifier>{4FC737F1-C7A5-4376-A066-2A32D752A2FF}</UniqueIdentifier>
      <Extensions>cpp;c;cc;cxx;c++;cppm;ixx;def;odl;idl;hpj;bat;asm;asmx</Extensions>
    </Filter>
    <Filter Include="헤더 파일">
      <UniqueIdentifier>{93995380-89BD-4b04-88EB-625FBE52EBFB}</UniqueIdentifier>
      <Extensions>h;hh;hpp;hxx;h++;hm;inl;inc;ipp;xsd</Extensions>
    </Filter>
    <Filter Include="리소스 파일">
      <UniqueIdentifier>{67DA6AB6-F800-4c08-8B7A-83BB121AAD01}</UniqueIdentifier>
      <Extensions>rc;ico;cur;bmp;dlg;rc2;rct;bin;rgs;gif;jpg;jpeg;jpe;resx;tiff;tif;png;wav;mfcribbon-ms</Extensions>
    </Filter>
  </ItemGroup>
  <ItemGroup>
    <ClCompile Include="permutation, combi.cpp">
      <Filter>소스 파일</Filter>
    </ClCompile>
    <ClCompile Include="swea6293.cpp">
      <Filter>소스 파일</Filter>
    </ClCompile>
    <ClCompile Include="LIS_prac.cpp">
      <Filter>소스 파일</Filter>
    </ClCompile>
    <ClCompile Include="binary_prac.cpp">
      <Filter>소스 파일</Filter>
    </ClCompile>
    <ClCompile Include="14002.cpp">
      <Filter>소스 파일</Filter>
    </ClCompile>
    <ClCompile Include="2565.cpp">
      <Filter>소스 파일</Filter>
    </ClCompile>
    <ClCompile Include="2670.cpp">
      <Filter>소스 파일</Filter>
    </ClCompile>
    <ClCompile Include="28215.cpp">
      <Filter>소스 파일</Filter>
    </ClCompile>
    <ClCompile Include="9935.cpp">
      <Filter>소스 파일</Filter>
    </ClCompile>
    <ClCompile Include="prog_boat.cpp">
      <Filter>소스 파일</Filter>
    </ClCompile>
    <ClCompile Include="6998.cpp">
      <Filter>소스 파일</Filter>
    </ClCompile>
    <ClCompile Include="14244.cpp">
      <Filter>소스 파일</Filter>
    </ClCompile>
    <ClCompile Include="1068_tree.cpp">
      <Filter>소스 파일</Filter>
    </ClCompile>
    <ClCompile Include="leveltreeorder.cpp">
      <Filter>소스 파일</Filter>
    </ClCompile>
    <ClCompile Include="softeer6247.cpp">
      <Filter>소스 파일</Filter>
    </ClCompile>
    <ClCompile Include="softeer6248.cpp">
      <Filter>소스 파일</Filter>
    </ClCompile>
    <ClCompile Include="softeer7727.cpp">
      <Filter>소스 파일</Filter>
    </ClCompile>
    <ClCompile Include="softeer7649.cpp">
      <Filter>소스 파일</Filter>
    </ClCompile>
    <ClCompile Include="softeer7726.cpp">
      <Filter>소스 파일</Filter>
    </ClCompile>
    <ClCompile Include="softeer9495.cpp">
      <Filter>소스 파일</Filter>
    </ClCompile>
    <ClCompile Include="union_find_prac.cpp">
      <Filter>소스 파일</Filter>
    </ClCompile>
    <ClCompile Include="1976.cpp">
      <Filter>소스 파일</Filter>
    </ClCompile>
    <ClCompile Include="1043.cpp">
      <Filter>소스 파일</Filter>
    </ClCompile>
    <ClCompile Include="23288.cpp">
      <Filter>소스 파일</Filter>
    </ClCompile>
    <ClCompile Include="16235.cpp">
      <Filter>소스 파일</Filter>
    </ClCompile>
    <ClCompile Include="20366.cpp">
      <Filter>소스 파일</Filter>
    </ClCompile>
    <ClCompile Include="1939.cpp">
      <Filter>소스 파일</Filter>
    </ClCompile>
    <ClCompile Include="4195.cpp">
      <Filter>소스 파일</Filter>
    </ClCompile>
    <ClCompile Include="1717.cpp">
      <Filter>소스 파일</Filter>
    </ClCompile>
    <ClCompile Include="2473.cpp">
      <Filter>소스 파일</Filter>
    </ClCompile>
  </ItemGroup>
</Project>